
Microsoft Visual Studio Solution File, Format Version 12.00
# Visual Studio Version 17
VisualStudioVersion = 17.3.32929.385
MinimumVisualStudioVersion = 10.0.40219.1
Project("{FAE04EC0-301F-11D3-BF4B-00C04F79EFBC}") = "botigacistella", "botigacistella.csproj", "{3E48D53C-389B-4D20-A91B-50194F9484CF}"
EndProject
Global
	GlobalSection(SolutionConfigurationPlatforms) = preSolution
		Debug|Any CPU = Debug|Any CPU
		Release|Any CPU = Release|Any CPU
	EndGlobalSection
	GlobalSection(ProjectConfigurationPlatforms) = postSolution
		{3E48D53C-389B-4D20-A91B-50194F9484CF}.Debug|Any CPU.ActiveCfg = Debug|Any CPU
		{3E48D53C-389B-4D20-A91B-50194F9484CF}.Debug|Any CPU.Build.0 = Debug|Any CPU
		{3E48D53C-389B-4D20-A91B-50194F9484CF}.Release|Any CPU.ActiveCfg = Release|Any CPU
		{3E48D53C-389B-4D20-A91B-50194F9484CF}.Release|Any CPU.Build.0 = Release|Any CPU
	EndGlobalSection
	GlobalSection(SolutionProperties) = preSolution
		HideSolutionNode = FALSE
	EndGlobalSection
	GlobalSection(ExtensibilityGlobals) = postSolution
		SolutionGuid = {6EA1FD15-CAAF-434F-91D0-F4FE80DD77C6}
	EndGlobalSection
EndGlobal
